
Microsoft Visual Studio Solution File, Format Version 12.00
Project("{FAE04EC0-301F-11D3-BF4B-00C04F79EFBC}") = "KeyVault", "KeyVault.csproj", "{F703BF64-C215-4171-ABBA-76B8DE2E349A}"
EndProject
Global
	GlobalSection(SolutionConfigurationPlatforms) = preSolution
		Debug|Any CPU = Debug|Any CPU
		Release|Any CPU = Release|Any CPU
	EndGlobalSection
	GlobalSection(ProjectConfigurationPlatforms) = postSolution
		{F703BF64-C215-4171-ABBA-76B8DE2E349A}.Debug|Any CPU.ActiveCfg = Debug|Any CPU
		{F703BF64-C215-4171-ABBA-76B8DE2E349A}.Debug|Any CPU.Build.0 = Debug|Any CPU
		{F703BF64-C215-4171-ABBA-76B8DE2E349A}.Release|Any CPU.ActiveCfg = Release|Any CPU
		{F703BF64-C215-4171-ABBA-76B8DE2E349A}.Release|Any CPU.Build.0 = Release|Any CPU
	EndGlobalSection
EndGlobal
